
Microsoft Visual Studio Solution File, Format Version 12.00
# Visual Studio 15
VisualStudioVersion = 15.0.28010.2050
MinimumVisualStudioVersion = 10.0.40219.1
Project("{FAE04EC0-301F-11D3-BF4B-00C04F79EFBC}") = "BeautySalon", "BeautySalon\BeautySalon.csproj", "{7E9F9198-8B7E-4B50-A6D4-7E75E6112432}"
EndProject
Project("{FAE04EC0-301F-11D3-BF4B-00C04F79EFBC}") = "Hsh", "Hsh\Hsh.csproj", "{02840FB8-A27A-4E15-9492-1CFA16123C51}"
EndProject
Global
	GlobalSection(SolutionConfigurationPlatforms) = preSolution
		Debug|Any CPU = Debug|Any CPU
		Release|Any CPU = Release|Any CPU
	EndGlobalSection
	GlobalSection(ProjectConfigurationPlatforms) = postSolution
		{7E9F9198-8B7E-4B50-A6D4-7E75E6112432}.Debug|Any CPU.ActiveCfg = Debug|Any CPU
		{7E9F9198-8B7E-4B50-A6D4-7E75E6112432}.Debug|Any CPU.Build.0 = Debug|Any CPU
		{7E9F9198-8B7E-4B50-A6D4-7E75E6112432}.Release|Any CPU.ActiveCfg = Release|Any CPU
		{7E9F9198-8B7E-4B50-A6D4-7E75E6112432}.Release|Any CPU.Build.0 = Release|Any CPU
		{02840FB8-A27A-4E15-9492-1CFA16123C51}.Debug|Any CPU.ActiveCfg = Debug|Any CPU
		{02840FB8-A27A-4E15-9492-1CFA16123C51}.Debug|Any CPU.Build.0 = Debug|Any CPU
		{02840FB8-A27A-4E15-9492-1CFA16123C51}.Release|Any CPU.ActiveCfg = Release|Any CPU
		{02840FB8-A27A-4E15-9492-1CFA16123C51}.Release|Any CPU.Build.0 = Release|Any CPU
	EndGlobalSection
	GlobalSection(SolutionProperties) = preSolution
		HideSolutionNode = FALSE
	EndGlobalSection
	GlobalSection(ExtensibilityGlobals) = postSolution
		SolutionGuid = {0AD5C9FA-517F-4836-AFEB-BC0C906A6306}
	EndGlobalSection
EndGlobal
